{
  "name": "tfjs-tensor-size-memoryleak-issue",
  "requires": true,
  "lockfileVersion": 1,
  "dependencies": {
    "@tensorflow/tfjs-core": {
      "version": "0.12.10",
      "resolved": "https://registry.npmjs.org/@tensorflow/tfjs-core/-/tfjs-core-0.12.10.tgz",
      "integrity": "sha512-wR6xDSAF8ObLL3JJpV683J4qRzFp9THMo3yCfLIVXojMn0UCq7/hWHKGrRATANWOp/DdHEuPQCIW/JpcYSSrCg==",
      "requires": {
        "@types/seedrandom": "2.4.27",
        "@types/webgl-ext": "0.0.29",
        "@types/webgl2": "0.0.4",
        "seedrandom": "2.4.3"
      }
    },
    "@types/seedrandom": {
      "version": "2.4.27",
      "resolved": "https://registry.npmjs.org/@types/seedrandom/-/seedrandom-2.4.27.tgz",
      "integrity": "sha1-nbVjk33YaRX2kJK8QyWdL0hXjkE="
    },
    "@types/webgl-ext": {
      "version": "0.0.29",
      "resolved": "https://registry.npmjs.org/@types/webgl-ext/-/webgl-ext-0.0.29.tgz",
      "integrity": "sha512-ZlVjDQU5Vlc9hF4LGdDldujZUf0amwlwGv1RI2bfvdrEHIl6X/7MZVpemJUjS7NxD9XaKfE8SlFrxsfXpUkt/A=="
    },
    "@types/webgl2": {
      "version": "0.0.4",
      "resolved": "https://registry.npmjs.org/@types/webgl2/-/webgl2-0.0.4.tgz",
      "integrity": "sha512-PACt1xdErJbMUOUweSrbVM7gSIYm1vTncW2hF6Os/EeWi6TXYAYMPp+8v6rzHmypE5gHrxaxZNXgMkJVIdZpHw=="
    },
    "seedrandom": {
      "version": "2.4.3",
      "resolved": "https://registry.npmjs.org/seedrandom/-/seedrandom-2.4.3.tgz",
      "integrity": "sha1-JDhQTa0zkXMUv/GKxNeU8W1qrsw="
    },
    "tslib": {
      "version": "1.9.3",
      "resolved": "https://registry.npmjs.org/tslib/-/tslib-1.9.3.tgz",
      "integrity": "sha512-4krF8scpejhaOgqzBEcGM7yDIEfi0/8+8zDRZhNZZ2kjmHJ4hv3zCbQWxoJGz1iw5U0Jl0nma13xzHXcncMavQ=="
    },
    "typescript": {
      "version": "3.0.1",
      "resolved": "https://registry.npmjs.org/typescript/-/typescript-3.0.1.tgz",
      "integrity": "sha512-zQIMOmC+372pC/CCVLqnQ0zSBiY7HHodU7mpQdjiZddek4GMj31I3dUJ7gAs9o65X7mnRma6OokOkc6f9jjfBg=="
    }
  }
}
